
Microsoft Visual Studio Solution File, Format Version 12.00
# Visual Studio Version 16
VisualStudioVersion = 16.0.30406.217
MinimumVisualStudioVersion = 10.0.40219.1
Project("{FAE04EC0-301F-11D3-BF4B-00C04F79EFBC}") = "Filtrace_KAS_ADA", "Filtrace_KAS_ADA\Filtrace_KAS_ADA.csproj", "{CBE49085-6F45-4E3C-99AC-020F8A3397CA}"
EndProject
Global
	GlobalSection(SolutionConfigurationPlatforms) = preSolution
		Debug|Any CPU = Debug|Any CPU
		Release|Any CPU = Release|Any CPU
	EndGlobalSection
	GlobalSection(ProjectConfigurationPlatforms) = postSolution
		{CBE49085-6F45-4E3C-99AC-020F8A3397CA}.Debug|Any CPU.ActiveCfg = Debug|Any CPU
		{CBE49085-6F45-4E3C-99AC-020F8A3397CA}.Debug|Any CPU.Build.0 = Debug|Any CPU
		{CBE49085-6F45-4E3C-99AC-020F8A3397CA}.Release|Any CPU.ActiveCfg = Release|Any CPU
		{CBE49085-6F45-4E3C-99AC-020F8A3397CA}.Release|Any CPU.Build.0 = Release|Any CPU
	EndGlobalSection
	GlobalSection(SolutionProperties) = preSolution
		HideSolutionNode = FALSE
	EndGlobalSection
	GlobalSection(ExtensibilityGlobals) = postSolution
		SolutionGuid = {BC070325-6C09-45A1-B705-3D6EC567929B}
	EndGlobalSection
EndGlobal
